PODS:
  - OpenTok (2.25.0):
    - VonageWebRTC (= 99.2.39)
  - VonageWebRTC (99.2.39)

DEPENDENCIES:
  - OpenTok (= 2.25.0)

SPEC REPOS:
  trunk:
    - OpenTok
    - VonageWebRTC

SPEC CHECKSUMS:
  OpenTok: f837a493e3e6993ae604ede80d2548dde4f8cc96
  VonageWebRTC: 4b57187170ef4ea435006e932600646a0521d6b0

PODFILE CHECKSUM: e3d18095ac30da6bb9782b278dd84a6c8ca22a3e

COCOAPODS: 1.12.0
